
Microsoft Visual Studio Solution File, Format Version 12.00
# Visual Studio 2012
Project("{FAE04EC0-301F-11D3-BF4B-00C04F79EFBC}") = "Eval", "Eval\Eval.csproj", "{CCE73654-5C0E-4313-9039-DBB32628E4CC}"
EndProject
Project("{FAE04EC0-301F-11D3-BF4B-00C04F79EFBC}") = "Eval.iOS", "iOS\Eval.iOS.csproj", "{C4FB7707-CA6E-4E03-AA19-B3A284DC3B39}"
EndProject
Project("{FAE04EC0-301F-11D3-BF4B-00C04F79EFBC}") = "Eval.Droid", "Droid\Eval.Droid.csproj", "{DFD36374-6FCF-4A2F-83D3-CF73E18D2D8C}"
EndProject
Global
	GlobalSection(SolutionConfigurationPlatforms) = preSolution
		Debug|Any CPU = Debug|Any CPU
		Release|Any CPU = Release|Any CPU
		Debug|iPhoneSimulator = Debug|iPhoneSimulator
		Release|iPhone = Release|iPhone
		Release|iPhoneSimulator = Release|iPhoneSimulator
		Debug|iPhone = Debug|iPhone
	EndGlobalSection
	GlobalSection(ProjectConfigurationPlatforms) = postSolution
		{CCE73654-5C0E-4313-9039-DBB32628E4CC}.Debug|Any CPU.ActiveCfg = Debug|Any CPU
		{CCE73654-5C0E-4313-9039-DBB32628E4CC}.Debug|Any CPU.Build.0 = Debug|Any CPU
		{CCE73654-5C0E-4313-9039-DBB32628E4CC}.Release|Any CPU.ActiveCfg = Release|Any CPU
		{CCE73654-5C0E-4313-9039-DBB32628E4CC}.Release|Any CPU.Build.0 = Release|Any CPU
		{CCE73654-5C0E-4313-9039-DBB32628E4CC}.Debug|iPhoneSimulator.ActiveCfg = Debug|Any CPU
		{CCE73654-5C0E-4313-9039-DBB32628E4CC}.Debug|iPhoneSimulator.Build.0 = Debug|Any CPU
		{CCE73654-5C0E-4313-9039-DBB32628E4CC}.Release|iPhone.ActiveCfg = Release|Any CPU
		{CCE73654-5C0E-4313-9039-DBB32628E4CC}.Release|iPhone.Build.0 = Release|Any CPU
		{CCE73654-5C0E-4313-9039-DBB32628E4CC}.Release|iPhoneSimulator.ActiveCfg = Release|Any CPU
		{CCE73654-5C0E-4313-9039-DBB32628E4CC}.Release|iPhoneSimulator.Build.0 = Release|Any CPU
		{CCE73654-5C0E-4313-9039-DBB32628E4CC}.Debug|iPhone.ActiveCfg = Debug|Any CPU
		{CCE73654-5C0E-4313-9039-DBB32628E4CC}.Debug|iPhone.Build.0 = Debug|Any CPU
		{C4FB7707-CA6E-4E03-AA19-B3A284DC3B39}.Debug|Any CPU.ActiveCfg = Debug|iPhoneSimulator
		{C4FB7707-CA6E-4E03-AA19-B3A284DC3B39}.Debug|Any CPU.Build.0 = Debug|iPhoneSimulator
		{C4FB7707-CA6E-4E03-AA19-B3A284DC3B39}.Release|Any CPU.ActiveCfg = Release|iPhone
		{C4FB7707-CA6E-4E03-AA19-B3A284DC3B39}.Release|Any CPU.Build.0 = Release|iPhone
		{C4FB7707-CA6E-4E03-AA19-B3A284DC3B39}.Debug|iPhoneSimulator.ActiveCfg = Debug|iPhoneSimulator
		{C4FB7707-CA6E-4E03-AA19-B3A284DC3B39}.Debug|iPhoneSimulator.Build.0 = Debug|iPhoneSimulator
		{C4FB7707-CA6E-4E03-AA19-B3A284DC3B39}.Release|iPhone.ActiveCfg = Release|iPhone
		{C4FB7707-CA6E-4E03-AA19-B3A284DC3B39}.Release|iPhone.Build.0 = Release|iPhone
		{C4FB7707-CA6E-4E03-AA19-B3A284DC3B39}.Release|iPhoneSimulator.ActiveCfg = Release|iPhoneSimulator
		{C4FB7707-CA6E-4E03-AA19-B3A284DC3B39}.Release|iPhoneSimulator.Build.0 = Release|iPhoneSimulator
		{C4FB7707-CA6E-4E03-AA19-B3A284DC3B39}.Debug|iPhone.ActiveCfg = Debug|iPhone
		{C4FB7707-CA6E-4E03-AA19-B3A284DC3B39}.Debug|iPhone.Build.0 = Debug|iPhone
		{DFD36374-6FCF-4A2F-83D3-CF73E18D2D8C}.Debug|Any CPU.ActiveCfg = Debug|Any CPU
		{DFD36374-6FCF-4A2F-83D3-CF73E18D2D8C}.Debug|Any CPU.Build.0 = Debug|Any CPU
		{DFD36374-6FCF-4A2F-83D3-CF73E18D2D8C}.Release|Any CPU.ActiveCfg = Release|Any CPU
		{DFD36374-6FCF-4A2F-83D3-CF73E18D2D8C}.Release|Any CPU.Build.0 = Release|Any CPU
		{DFD36374-6FCF-4A2F-83D3-CF73E18D2D8C}.Debug|iPhoneSimulator.ActiveCfg = Debug|Any CPU
		{DFD36374-6FCF-4A2F-83D3-CF73E18D2D8C}.Debug|iPhoneSimulator.Build.0 = Debug|Any CPU
		{DFD36374-6FCF-4A2F-83D3-CF73E18D2D8C}.Release|iPhone.ActiveCfg = Release|Any CPU
		{DFD36374-6FCF-4A2F-83D3-CF73E18D2D8C}.Release|iPhone.Build.0 = Release|Any CPU
		{DFD36374-6FCF-4A2F-83D3-CF73E18D2D8C}.Release|iPhoneSimulator.ActiveCfg = Release|Any CPU
		{DFD36374-6FCF-4A2F-83D3-CF73E18D2D8C}.Release|iPhoneSimulator.Build.0 = Release|Any CPU
		{DFD36374-6FCF-4A2F-83D3-CF73E18D2D8C}.Debug|iPhone.ActiveCfg = Debug|Any CPU
		{DFD36374-6FCF-4A2F-83D3-CF73E18D2D8C}.Debug|iPhone.Build.0 = Debug|Any CPU
	EndGlobalSection
EndGlobal
